<Solution>
  <Folder Name="/examples/">
    <Project Path="examples/Darp.Geometry.Playground/Darp.Geometry.Playground.csproj" />
    <Project Path="examples/Darp.Tesseract.Native.Playground/Darp.Tesseract.Native.Playground.csproj" />
  </Folder>
  <Project Path="src/Darp.Geometry/Darp.Geometry.csproj" />
  <Project Path="src/Darp.Tesseract.Native/Darp.Tesseract.Native.csproj" />
  <Project Path="tests/Darp.Tesseract.Native.IntegrationTests/Darp.Tesseract.Native.IntegrationTests.csproj" />
</Solution>
